lockfileVersion: '6.0'

settings:
  autoInstallPeers: true
  excludeLinksFromLockfile: false

dependencies:
  '@auth/core':
    specifier: ^0.19.0
    version: 0.19.0

packages:

  /@auth/core@0.19.0:
    resolution: {integrity: sha512-BkFg2SoNftMN6A2Sn2g1lLFLTO74qMtFKsZmSCEF9d1csqSaEXIv50k6OrfniODWi5tZP8bcfSxGodv75khlOA==}
    peerDependencies:
      nodemailer: ^6.8.0
    peerDependenciesMeta:
      nodemailer:
        optional: true
    dependencies:
      '@panva/hkdf': 1.1.1
      '@types/cookie': 0.6.0
      cookie: 0.6.0
      jose: 5.2.0
      oauth4webapi: 2.4.0
      preact: 10.11.3
      preact-render-to-string: 5.2.3(preact@10.11.3)
    dev: false

  /@panva/hkdf@1.1.1:
    resolution: {integrity: sha512-dhPeilub1NuIG0X5Kvhh9lH4iW3ZsHlnzwgwbOlgwQ2wG1IqFzsgHqmKPk3WzsdWAeaxKJxgM0+W433RmN45GA==}
    dev: false

  /@types/cookie@0.6.0:
    resolution: {integrity: sha512-4Kh9a6B2bQciAhf7FSuMRRkUWecJgJu9nPnx3yzpsfXX/c50REIqpHY4C82bXP90qrLtXtkDxTZosYO3UpOwlA==}
    dev: false

  /cookie@0.6.0:
    resolution: {integrity: sha512-U71cyTamuh1CRNCfpGY6to28lxvNwPG4Guz/EVjgf3Jmzv0vlDp1atT9eS5dDjMYHucpHbWns6Lwf3BKz6svdw==}
    engines: {node: '>= 0.6'}
    dev: false

  /jose@5.2.0:
    resolution: {integrity: sha512-oW3PCnvyrcm1HMvGTzqjxxfnEs9EoFOFWi2HsEGhlFVOXxTE3K9GKWVMFoFw06yPUqwpvEWic1BmtUZBI/tIjw==}
    dev: false

  /oauth4webapi@2.4.0:
    resolution: {integrity: sha512-ZWl8ov8HeGVyc9Icl1cag76HvIcDAp23eIIT+UVGir+dEu8BMgMlvZeZwqLVd0P8DqaumH4N+QLQXN69G1QjSA==}
    dev: false

  /preact-render-to-string@5.2.3(preact@10.11.3):
    resolution: {integrity: sha512-aPDxUn5o3GhWdtJtW0svRC2SS/l8D9MAgo2+AWml+BhDImb27ALf04Q2d+AHqUUOc6RdSXFIBVa2gxzgMKgtZA==}
    peerDependencies:
      preact: '>=10'
    dependencies:
      preact: 10.11.3
      pretty-format: 3.8.0
    dev: false

  /preact@10.11.3:
    resolution: {integrity: sha512-eY93IVpod/zG3uMF22Unl8h9KkrcKIRs2EGar8hwLZZDU1lkjph303V9HZBwufh2s736U6VXuhD109LYqPoffg==}
    dev: false

  /pretty-format@3.8.0:
    resolution: {integrity: sha512-WuxUnVtlWL1OfZFQFuqvnvs6MiAGk9UNsBostyBOB0Is9wb5uRESevA6rnl/rkksXaGX3GzZhPup5d6Vp1nFew==}
    dev: false
